
Microsoft Visual Studio Solution File, Format Version 12.00
# Visual Studio 14
VisualStudioVersion = 14.0.25420.1
MinimumVisualStudioVersion = 10.0.40219.1
Project("{FAE04EC0-301F-11D3-BF4B-00C04F79EFBC}") = "RemoteDemo01", "RemoteDemo01\RemoteDemo01.csproj", "{5AC134FF-1D17-460F-B444-A520412786BF}"
EndProject
Project("{FAE04EC0-301F-11D3-BF4B-00C04F79EFBC}") = "RemoteServer", "RemoteServer\RemoteServer.csproj", "{9484E603-1E05-4345-B46C-331F1B9B84A6}"
EndProject
Global
	GlobalSection(SolutionConfigurationPlatforms) = preSolution
		Debug|Any CPU = Debug|Any CPU
		Release|Any CPU = Release|Any CPU
	EndGlobalSection
	GlobalSection(ProjectConfigurationPlatforms) = postSolution
		{5AC134FF-1D17-460F-B444-A520412786BF}.Debug|Any CPU.ActiveCfg = Debug|Any CPU
		{5AC134FF-1D17-460F-B444-A520412786BF}.Debug|Any CPU.Build.0 = Debug|Any CPU
		{5AC134FF-1D17-460F-B444-A520412786BF}.Release|Any CPU.ActiveCfg = Release|Any CPU
		{5AC134FF-1D17-460F-B444-A520412786BF}.Release|Any CPU.Build.0 = Release|Any CPU
		{9484E603-1E05-4345-B46C-331F1B9B84A6}.Debug|Any CPU.ActiveCfg = Debug|Any CPU
		{9484E603-1E05-4345-B46C-331F1B9B84A6}.Debug|Any CPU.Build.0 = Debug|Any CPU
		{9484E603-1E05-4345-B46C-331F1B9B84A6}.Release|Any CPU.ActiveCfg = Release|Any CPU
		{9484E603-1E05-4345-B46C-331F1B9B84A6}.Release|Any CPU.Build.0 = Release|Any CPU
	EndGlobalSection
	GlobalSection(SolutionProperties) = preSolution
		HideSolutionNode = FALSE
	EndGlobalSection
EndGlobal
